
Microsoft Visual Studio Solution File, Format Version 12.00
# Visual Studio Version 16
VisualStudioVersion = 16.0.30413.136
MinimumVisualStudioVersion = 10.0.40219.1
Project("{FAE04EC0-301F-11D3-BF4B-00C04F79EFBC}") = "Quiz Arte", "Quiz Arte.csproj", "{2262FED2-B29D-47E6-94AE-1F9BDF4D24C9}"
EndProject
Global
	GlobalSection(SolutionConfigurationPlatforms) = preSolution
		Debug|Any CPU = Debug|Any CPU
		Release|Any CPU = Release|Any CPU
	EndGlobalSection
	GlobalSection(ProjectConfigurationPlatforms) = postSolution
		{2262FED2-B29D-47E6-94AE-1F9BDF4D24C9}.Debug|Any CPU.ActiveCfg = Debug|Any CPU
		{2262FED2-B29D-47E6-94AE-1F9BDF4D24C9}.Debug|Any CPU.Build.0 = Debug|Any CPU
		{2262FED2-B29D-47E6-94AE-1F9BDF4D24C9}.Release|Any CPU.ActiveCfg = Release|Any CPU
		{2262FED2-B29D-47E6-94AE-1F9BDF4D24C9}.Release|Any CPU.Build.0 = Release|Any CPU
	EndGlobalSection
	GlobalSection(SolutionProperties) = preSolution
		HideSolutionNode = FALSE
	EndGlobalSection
	GlobalSection(ExtensibilityGlobals) = postSolution
		SolutionGuid = {B9303A5D-FDBC-4D55-B0AB-9B714A6C5AF7}
	EndGlobalSection
EndGlobal
